
Microsoft Visual Studio Solution File, Format Version 12.00
# Visual Studio Version 16
VisualStudioVersion = 16.0.31205.134
MinimumVisualStudioVersion = 10.0.40219.1
Project("{FAE04EC0-301F-11D3-BF4B-00C04F79EFBC}") = "PerilInSpace", "PerilInSpace\PerilInSpace.csproj", "{B8E29E1C-8D1B-40DA-BA9E-98042A152470}"
EndProject
Global
	GlobalSection(SolutionConfigurationPlatforms) = preSolution
		Debug|Any CPU = Debug|Any CPU
		Release|Any CPU = Release|Any CPU
	EndGlobalSection
	GlobalSection(ProjectConfigurationPlatforms) = postSolution
		{B8E29E1C-8D1B-40DA-BA9E-98042A152470}.Debug|Any CPU.ActiveCfg = Debug|Any CPU
		{B8E29E1C-8D1B-40DA-BA9E-98042A152470}.Debug|Any CPU.Build.0 = Debug|Any CPU
		{B8E29E1C-8D1B-40DA-BA9E-98042A152470}.Release|Any CPU.ActiveCfg = Release|Any CPU
		{B8E29E1C-8D1B-40DA-BA9E-98042A152470}.Release|Any CPU.Build.0 = Release|Any CPU
	EndGlobalSection
	GlobalSection(SolutionProperties) = preSolution
		HideSolutionNode = FALSE
	EndGlobalSection
	GlobalSection(ExtensibilityGlobals) = postSolution
		SolutionGuid = {0B005EEC-823D-4036-B4BB-1919EF76058F}
	EndGlobalSection
EndGlobal
